<?xml version="1.0" encoding="utf-8"?>
<Project ToolsVersion="4.0" xmlns="http://schemas.microsoft.com/developer/msbuild/2003">
  <ItemGroup>
    <Filter Include="Libs">
      <UniqueIdentifier>{73d47a52-ce2f-4264-9bb9-f0b3c16f889d}</UniqueIdentifier>
    </Filter>
    <Filter Include="IPlug">
      <UniqueIdentifier>{f61218de-bb49-4fd2-b3b8-d4d3a4f905de}</UniqueIdentifier>
    </Filter>
    <Filter Include="IPlug\RTAS">
      <UniqueIdentifier>{f55aca3b-4b35-490a-99d6-51d6724f0396}</UniqueIdentifier>
    </Filter>
    <Filter Include="IPlug\RTAS\include">
      <UniqueIdentifier>{13073ee3-c4e8-497c-b935-b091b14197c2}</UniqueIdentifier>
    </Filter>
  </ItemGroup>
  <ItemGroup>
    <Library Include="$(WDL_ROOT_PATH)\PT9_SDK\WinBag\Release\lib\DAE.lib">
      <Filter>Libs</Filter>
    </Library>
    <Library Include="$(WDL_ROOT_PATH)\PT9_SDK\WinBag\Release\lib\DigiExt.lib">
      <Filter>Libs</Filter>
    </Library>
    <Library Include="$(WDL_ROOT_PATH)\PT9_SDK\WinBag\Release\lib\DSI.lib">
      <Filter>Libs</Filter>
    </Library>
    <Library Include="$(WDL_ROOT_PATH)\PT9_SDK\WinBag\Release\lib\PlugInLib.lib">
      <Filter>Libs</Filter>
    </Library>
    <Library Include="$(WDL_ROOT_PATH)\PT9_SDK\WinBag\Release\lib\DSPManager.lib">
      <Filter>Libs</Filter>
    </Library>
    <Library Include="$(WDL_ROOT_PATH)\PT9_SDK\WinBag\Release\lib\DSPManagerClientLib.lib">
      <Filter>Libs</Filter>
    </Library>
    <Library Include="$(WDL_ROOT_PATH)\PT9_SDK\WinBag\Release\lib\RTASClientLib.lib">
      <Filter>Libs</Filter>
    </Library>
  </ItemGroup>
  <ItemGroup>
    <ClInclude Include="$(WDL_PATH)\IPlug\Containers.h">
      <Filter>IPlug</Filter>
    </ClInclude>
    <ClInclude Include="$(WDL_PATH)\IPlug\Hosts.h">
      <Filter>IPlug</Filter>
    </ClInclude>
    <ClInclude Include="$(WDL_PATH)\IPlug\IBitmapMonoText.h">
      <Filter>IPlug</Filter>
    </ClInclude>
    <ClInclude Include="$(WDL_PATH)\IPlug\IControl.h">
      <Filter>IPlug</Filter>
    </ClInclude>
    <ClInclude Include="$(WDL_PATH)\IPlug\IGraphics.h">
      <Filter>IPlug</Filter>
    </ClInclude>
    <ClInclude Include="$(WDL_PATH)\IPlug\IGraphicsWin.h">
      <Filter>IPlug</Filter>
    </ClInclude>
    <ClInclude Include="$(WDL_PATH)\IPlug\IKeyboardControl.h">
      <Filter>IPlug</Filter>
    </ClInclude>
    <ClInclude Include="$(WDL_PATH)\IPlug\IMidiQueue.h">
      <Filter>IPlug</Filter>
    </ClInclude>
    <ClInclude Include="$(WDL_PATH)\IPlug\IParam.h">
      <Filter>IPlug</Filter>
    </ClInclude>
    <ClInclude Include="$(WDL_PATH)\IPlug\IPlug_include_in_plug_hdr.h">
      <Filter>IPlug</Filter>
    </ClInclude>
    <ClInclude Include="$(WDL_PATH)\IPlug\IPlug_include_in_plug_src.h">
      <Filter>IPlug</Filter>
    </ClInclude>
    <ClInclude Include="$(WDL_PATH)\IPlug\IPlugBase.h">
      <Filter>IPlug</Filter>
    </ClInclude>
    <ClInclude Include="$(WDL_PATH)\IPlug\IPlugOSDetect.h">
      <Filter>IPlug</Filter>
    </ClInclude>
    <ClInclude Include="$(WDL_PATH)\IPlug\IPlugRTAS.h">
      <Filter>IPlug</Filter>
    </ClInclude>
    <ClInclude Include="$(WDL_PATH)\IPlug\IPlugStructs.h">
      <Filter>IPlug</Filter>
    </ClInclude>
    <ClInclude Include="$(WDL_PATH)\IPlug\IPopupMenu.h">
      <Filter>IPlug</Filter>
    </ClInclude>
    <ClInclude Include="$(WDL_PATH)\IPlug\Log.h">
      <Filter>IPlug</Filter>
    </ClInclude>
    <ClInclude Include="$(WDL_PATH)\IPlug\RTAS\EditorInterface.h">
      <Filter>IPlug\RTAS</Filter>
    </ClInclude>
    <ClInclude Include="$(WDL_PATH)\IPlug\RTAS\IPlugCustomUI.h">
      <Filter>IPlug\RTAS</Filter>
    </ClInclude>
    <ClInclude Include="$(WDL_PATH)\IPlug\RTAS\IPlugDigiView.h">
      <Filter>IPlug\RTAS</Filter>
    </ClInclude>
    <ClInclude Include="$(WDL_PATH)\IPlug\RTAS\IPlugGroup.h">
      <Filter>IPlug\RTAS</Filter>
    </ClInclude>
    <ClInclude Include="$(WDL_PATH)\IPlug\RTAS\IPlugProcess.h">
      <Filter>IPlug\RTAS</Filter>
    </ClInclude>
    <ClInclude Include="$(WDL_PATH)\IPlug\RTAS\IPlugProcessRTAS.h">
      <Filter>IPlug\RTAS</Filter>
    </ClInclude>
    <ClInclude Include="$(WDL_PATH)\IPlug\RTAS\ProcessInterface.h">
      <Filter>IPlug\RTAS</Filter>
    </ClInclude>
    <ClInclude Include="$(WDL_PATH)\IPlug\RTAS\digicode.h">
      <Filter>IPlug\RTAS\include</Filter>
    </ClInclude>
    <ClInclude Include="SRChannel.h" />
    <ClInclude Include="resource.h" />
    <ClInclude Include="$(WDL_PATH)\IPlug\RTAS\IPlugProcessAS.h">
      <Filter>IPlug\RTAS</Filter>
    </ClInclude>
  </ItemGroup>
  <ItemGroup>
    <ClCompile Include="$(WDL_PATH)\IPlug\Hosts.cpp">
      <Filter>IPlug</Filter>
    </ClCompile>
    <ClCompile Include="$(WDL_PATH)\IPlug\IBitmapMonoText.cpp">
      <Filter>IPlug</Filter>
    </ClCompile>
    <ClCompile Include="$(WDL_PATH)\IPlug\IControl.cpp">
      <Filter>IPlug</Filter>
    </ClCompile>
    <ClCompile Include="$(WDL_PATH)\IPlug\IGraphics.cpp">
      <Filter>IPlug</Filter>
    </ClCompile>
    <ClCompile Include="$(WDL_PATH)\IPlug\IGraphicsWin.cpp">
      <Filter>IPlug</Filter>
    </ClCompile>
    <ClCompile Include="$(WDL_PATH)\IPlug\IParam.cpp">
      <Filter>IPlug</Filter>
    </ClCompile>
    <ClCompile Include="$(WDL_PATH)\IPlug\IPlugBase.cpp">
      <Filter>IPlug</Filter>
    </ClCompile>
    <ClCompile Include="$(WDL_PATH)\IPlug\IPlugRTAS.cpp">
      <Filter>IPlug</Filter>
    </ClCompile>
    <ClCompile Include="$(WDL_PATH)\IPlug\IPlugStructs.cpp">
      <Filter>IPlug</Filter>
    </ClCompile>
    <ClCompile Include="$(WDL_PATH)\IPlug\IPopupMenu.cpp">
      <Filter>IPlug</Filter>
    </ClCompile>
    <ClCompile Include="$(WDL_PATH)\IPlug\Log.cpp">
      <Filter>IPlug</Filter>
    </ClCompile>
    <ClCompile Include="$(WDL_PATH)\IPlug\RTAS\IPlugCustomUI.cpp">
      <Filter>IPlug\RTAS</Filter>
    </ClCompile>
    <ClCompile Include="$(WDL_PATH)\IPlug\RTAS\IPlugGroup.cpp">
      <Filter>IPlug\RTAS</Filter>
    </ClCompile>
    <ClCompile Include="$(WDL_PATH)\IPlug\RTAS\IPlugProcess.cpp">
      <Filter>IPlug\RTAS</Filter>
    </ClCompile>
    <ClCompile Include="$(WDL_PATH)\IPlug\RTAS\IPlugProcessRTAS.cpp">
      <Filter>IPlug\RTAS</Filter>
    </ClCompile>
    <ClCompile Include="$(WDL_PATH)\IPlug\RTAS\digicode1.cpp">
      <Filter>IPlug\RTAS\include</Filter>
    </ClCompile>
    <ClCompile Include="$(WDL_PATH)\IPlug\RTAS\digicode2.cpp">
      <Filter>IPlug\RTAS\include</Filter>
    </ClCompile>
    <ClCompile Include="$(WDL_PATH)\IPlug\RTAS\digicode3.cpp">
      <Filter>IPlug\RTAS\include</Filter>
    </ClCompile>
    <ClCompile Include="SRChannel.cpp" />
    <ClCompile Include="$(WDL_PATH)\IPlug\RTAS\IPlugProcessAS.cpp">
      <Filter>IPlug\RTAS</Filter>
    </ClCompile>
  </ItemGroup>
  <ItemGroup>
    <None Include="SRChannel-rtas.def" />
  </ItemGroup>
  <ItemGroup>
    <ResourceCompile Include="SRChannel.rc" />
  </ItemGroup>
</Project>